// !$*UTF8*$!
{
	archiveVersion = 1;
	classes = {
	};
	objectVersion = 46;
	objects = {

/* Begin PBXBuildFile section */
		2E2965131CBEC0B400E86838 /* AppDelegate.swift in Sources */ = {isa = PBXBuildFile; fileRef = 2E2965121CBEC0B400E86838 /* AppDelegate.swift */; };
		2E2965151CBEC0B400E86838 /* ViewController.swift in Sources */ = {isa = PBXBuildFile; fileRef = 2E2965141CBEC0B400E86838 /* ViewController.swift */; };
		2E2965181CBEC0B400E86838 /* Main.storyboard in Resources */ = {isa = PBXBuildFile; fileRef = 2E2965161CBEC0B400E86838 /* Main.storyboard */; };
		2E29651A1CBEC0B400E86838 /* Assets.xcassets in Resources */ = {isa = PBXBuildFile; fileRef = 2E2965191CBEC0B400E86838 /* Assets.xcassets */; };
		2E29651D1CBEC0B400E86838 /* LaunchScreen.storyboard in Resources */ = {isa = PBXBuildFile; fileRef = 2E29651B1CBEC0B400E86838 /* LaunchScreen.storyboard */; };
		2E2965251CBED48100E86838 /* Items.swift in Sources */ = {isa = PBXBuildFile; fileRef = 2E2965241CBED48100E86838 /* Items.swift */; };
		2E63AD021CC08F1B00554C5D /* CoreSwift.swift in Sources */ = {isa = PBXBuildFile; fileRef = 2E63AD011CC08F1B00554C5D /* CoreSwift.swift */; };
		2E8B26CB1CC0840100E16D84 /* PurchaseViewController.swift in Sources */ = {isa = PBXBuildFile; fileRef = 2E8B26CA1CC0840100E16D84 /* PurchaseViewController.swift */; };
/* End PBXBuildFile section */

/* Begin PBXFileReference section */
		2E29650F1CBEC0B400E86838 /* Space Agency.app */ = {isa = PBXFileReference; explicitFileType = wrapper.application; includeInIndex = 0; path = "Space Agency.app"; sourceTree = BUILT_PRODUCTS_DIR; };
		2E2965121CBEC0B400E86838 /* AppDelegate.swift */ = {isa = PBXFileReference; lastKnownFileType = sourcecode.swift; path = AppDelegate.swift; sourceTree = "<group>"; };
		2E2965141CBEC0B400E86838 /* ViewController.swift */ = {isa = PBXFileReference; lastKnownFileType = sourcecode.swift; path = ViewController.swift; sourceTree = "<group>"; };
		2E2965171CBEC0B400E86838 /* Base */ = {isa = PBXFileReference; lastKnownFileType = file.storyboard; name = Base; path = Base.lproj/Main.storyboard; sourceTree = "<group>"; };
		2E2965191CBEC0B400E86838 /* Assets.xcassets */ = {isa = PBXFileReference; lastKnownFileType = folder.assetcatalog; path = Assets.xcassets; sourceTree = "<group>"; };
		2E29651C1CBEC0B400E86838 /* Base */ = {isa = PBXFileReference; lastKnownFileType = file.storyboard; name = Base; path = Base.lproj/LaunchScreen.storyboard; sourceTree = "<group>"; };
		2E29651E1CBEC0B400E86838 /* Info.plist */ = {isa = PBXFileReference; lastKnownFileType = text.plist.xml; path = Info.plist; sourceTree = "<group>"; };
		2E2965241CBED48100E86838 /* Items.swift */ = {isa = PBXFileReference; fileEncoding = 4; lastKnownFileType = sourcecode.swift; path = Items.swift; sourceTree = "<group>"; };
		2E63AD011CC08F1B00554C5D /* CoreSwift.swift */ = {isa = PBXFileReference; fileEncoding = 4; lastKnownFileType = sourcecode.swift; path = CoreSwift.swift; sourceTree = "<group>"; };
		2E8B26CA1CC0840100E16D84 /* PurchaseViewController.swift */ = {isa = PBXFileReference; fileEncoding = 4; lastKnownFileType = sourcecode.swift; path = PurchaseViewController.swift; sourceTree = "<group>"; };
/* End PBXFileReference section */

/* Begin PBXFrameworksBuildPhase section */
		2E29650C1CBEC0B400E86838 /* Frameworks */ = {
			isa = PBXFrameworksBuildPhase;
			buildActionMask = 2147483647;
			files = (
			);
			runOnlyForDeploymentPostprocessing = 0;
		};
/* End PBXFrameworksBuildPhase section */

/* Begin PBXGroup section */
		2E2965061CBEC0B400E86838 = {
			isa = PBXGroup;
			children = (
				2E2965111CBEC0B400E86838 /* Space Agency */,
				2E2965101CBEC0B400E86838 /* Products */,
			);
			sourceTree = "<group>";
		};
		2E2965101CBEC0B400E86838 /* Products */ = {
			isa = PBXGroup;
			children = (
				2E29650F1CBEC0B400E86838 /* Space Agency.app */,
			);
			name = Products;
			sourceTree = "<group>";
		};
		2E2965111CBEC0B400E86838 /* Space Agency */ = {
			isa = PBXGroup;
			children = (
				2E2965121CBEC0B400E86838 /* AppDelegate.swift */,
				2E2965141CBEC0B400E86838 /* ViewController.swift */,
				2E8B26CA1CC0840100E16D84 /* PurchaseViewController.swift */,
				2E2965241CBED48100E86838 /* Items.swift */,
				2E2965161CBEC0B400E86838 /* Main.storyboard */,
				2E2965191CBEC0B400E86838 /* Assets.xcassets */,
				2E29651B1CBEC0B400E86838 /* LaunchScreen.storyboard */,
				2E29651E1CBEC0B400E86838 /* Info.plist */,
				2E63AD011CC08F1B00554C5D /* CoreSwift.swift */,
			);
			path = "Space Agency";
			sourceTree = "<group>";
		};
/* End PBXGroup section */

/* Begin PBXNativeTarget section */
		2E29650E1CBEC0B400E86838 /* Space Agency */ = {
			isa = PBXNativeTarget;
			buildConfigurationList = 2E2965211CBEC0B400E86838 /* Build configuration list for PBXNativeTarget "Space Agency" */;
			buildPhases = (
				2E29650B1CBEC0B400E86838 /* Sources */,
				2E29650C1CBEC0B400E86838 /* Frameworks */,
				2E29650D1CBEC0B400E86838 /* Resources */,
			);
			buildRules = (
			);
			dependencies = (
			);
			name = "Space Agency";
			productName = "Space Agency";
			productReference = 2E29650F1CBEC0B400E86838 /* Space Agency.app */;
			productType = "com.apple.product-type.application";
		};
/* End PBXNativeTarget section */

/* Begin PBXProject section */
		2E2965071CBEC0B400E86838 /* Project object */ = {
			isa = PBXProject;
			attributes = {
				LastSwiftUpdateCheck = 0730;
				LastUpgradeCheck = 0730;
				ORGANIZATIONNAME = "Cal Stephens";
				TargetAttributes = {
					2E29650E1CBEC0B400E86838 = {
						CreatedOnToolsVersion = 7.3;
						DevelopmentTeam = FZ89A5SZ7C;
					};
				};
			};
			buildConfigurationList = 2E29650A1CBEC0B400E86838 /* Build configuration list for PBXProject "Space Agency" */;
			compatibilityVersion = "Xcode 3.2";
			developmentRegion = English;
			hasScannedForEncodings = 0;
			knownRegions = (
				en,
				Base,
			);
			mainGroup = 2E2965061CBEC0B400E86838;
			productRefGroup = 2E2965101CBEC0B400E86838 /* Products */;
			projectDirPath = "";
			projectRoot = "";
			targets = (
				2E29650E1CBEC0B400E86838 /* Space Agency */,
			);
		};
/* End PBXProject section */

/* Begin PBXResourcesBuildPhase section */
		2E29650D1CBEC0B400E86838 /* Resources */ = {
			isa = PBXResourcesBuildPhase;
			buildActionMask = 2147483647;
			files = (
				2E29651D1CBEC0B400E86838 /* LaunchScreen.storyboard in Resources */,
				2E29651A1CBEC0B400E86838 /* Assets.xcassets in Resources */,
				2E2965181CBEC0B400E86838 /* Main.storyboard in Resources */,
			);
			runOnlyForDeploymentPostprocessing = 0;
		};
/* End PBXResourcesBuildPhase section */

/* Begin PBXSourcesBuildPhase section */
		2E29650B1CBEC0B400E86838 /* Sources */ = {
			isa = PBXSourcesBuildPhase;
			buildActionMask = 2147483647;
			files = (
				2E2965151CBEC0B400E86838 /* ViewController.swift in Sources */,
				2E63AD021CC08F1B00554C5D /* CoreSwift.swift in Sources */,
				2E8B26CB1CC0840100E16D84 /* PurchaseViewController.swift in Sources */,
				2E2965251CBED48100E86838 /* Items.swift in Sources */,
				2E2965131CBEC0B400E86838 /* AppDelegate.swift in Sources */,
			);
			runOnlyForDeploymentPostprocessing = 0;
		};
/* End PBXSourcesBuildPhase section */

/* Begin PBXVariantGroup section */
		2E2965161CBEC0B400E86838 /* Main.storyboard */ = {
			isa = PBXVariantGroup;
			children = (
				2E2965171CBEC0B400E86838 /* Base */,
			);
			name = Main.storyboard;
			sourceTree = "<group>";
		};
		2E29651B1CBEC0B400E86838 /* LaunchScreen.storyboard */ = {
			isa = PBXVariantGroup;
			children = (
				2E29651C1CBEC0B400E86838 /* Base */,
			);
			name = LaunchScreen.storyboard;
			sourceTree = "<group>";
		};
/* End PBXVariantGroup section */

/* Begin XCBuildConfiguration section */
		2E29651F1CBEC0B400E86838 /* Debug */ = {
			isa = XCBuildConfiguration;
			buildSettings = {
				ALWAYS_SEARCH_USER_PATHS = NO;
				CLANG_ANALYZER_NONNULL = YES;
				CLANG_CXX_LANGUAGE_STANDARD = "gnu++0x";
				CLANG_CXX_LIBRARY = "libc++";
				CLANG_ENABLE_MODULES = YES;
				CLANG_ENABLE_OBJC_ARC = YES;
				CLANG_WARN_BOOL_CONVERSION = YES;
				CLANG_WARN_CONSTANT_CONVERSION = YES;
				CLANG_WARN_DIRECT_OBJC_ISA_USAGE = YES_ERROR;
				CLANG_WARN_EMPTY_BODY = YES;
				CLANG_WARN_ENUM_CONVERSION = YES;
				CLANG_WARN_INT_CONVERSION = YES;
				CLANG_WARN_OBJC_ROOT_CLASS = YES_ERROR;
				CLANG_WARN_UNREACHABLE_CODE = YES;
				CLANG_WARN__DUPLICATE_METHOD_MATCH = YES;
				"CODE_SIGN_IDENTITY[sdk=iphoneos*]" = "iPhone Developer";
				COPY_PHASE_STRIP = NO;
				DEBUG_INFORMATION_FORMAT = dwarf;
				ENABLE_STRICT_OBJC_MSGSEND = YES;
				ENABLE_TESTABILITY = YES;
				GCC_C_LANGUAGE_STANDARD = gnu99;
				GCC_DYNAMIC_NO_PIC = NO;
				GCC_NO_COMMON_BLOCKS = YES;
				GCC_OPTIMIZATION_LEVEL = 0;
				GCC_PREPROCESSOR_DEFINITIONS = (
					"DEBUG=1",
					"$(inherited)",
				);
				GCC_WARN_64_TO_32_BIT_CONVERSION = YES;
				GCC_WARN_ABOUT_RETURN_TYPE = YES_ERROR;
				GCC_WARN_UNDECLARED_SELECTOR = YES;
				GCC_WARN_UNINITIALIZED_AUTOS = YES_AGGRESSIVE;
				GCC_WARN_UNUSED_FUNCTION = YES;
				GCC_WARN_UNUSED_VARIABLE = YES;
				IPHONEOS_DEPLOYMENT_TARGET = 9.3;
				MTL_ENABLE_DEBUG_INFO = YES;
				ONLY_ACTIVE_ARCH = YES;
				SDKROOT = iphoneos;
				SWIFT_OPTIMIZATION_LEVEL = "-Onone";
			};
			name = Debug;
		};
		2E2965201CBEC0B400E86838 /* Release */ = {
			isa = XCBuildConfiguration;
			buildSettings = {
				ALWAYS_SEARCH_USER_PATHS = NO;
				CLANG_ANALYZER_NONNULL = YES;
				CLANG_CXX_LANGUAGE_STANDARD = "gnu++0x";
				CLANG_CXX_LIBRARY = "libc++";
				CLANG_ENABLE_MODULES = YES;
				CLANG_ENABLE_OBJC_ARC = YES;
				CLANG_WARN_BOOL_CONVERSION = YES;
				CLANG_WARN_CONSTANT_CONVERSION = YES;
				CLANG_WARN_DIRECT_OBJC_ISA_USAGE = YES_ERROR;
				CLANG_WARN_EMPTY_BODY = YES;
				CLANG_WARN_ENUM_CONVERSION = YES;
				CLANG_WARN_INT_CONVERSION = YES;
				CLANG_WARN_OBJC_ROOT_CLASS = YES_ERROR;
				CLANG_WARN_UNREACHABLE_CODE = YES;
				CLANG_WARN__DUPLICATE_METHOD_MATCH = YES;
				"CODE_SIGN_IDENTITY[sdk=iphoneos*]" = "iPhone Developer";
				COPY_PHASE_STRIP = NO;
				DEBUG_INFORMATION_FORMAT = "dwarf-with-dsym";
				ENABLE_NS_ASSERTIONS = NO;
				ENABLE_STRICT_OBJC_MSGSEND = YES;
				GCC_C_LANGUAGE_STANDARD = gnu99;
				GCC_NO_COMMON_BLOCKS = YES;
				GCC_WARN_64_TO_32_BIT_CONVERSION = YES;
				GCC_WARN_ABOUT_RETURN_TYPE = YES_ERROR;
				GCC_WARN_UNDECLARED_SELECTOR = YES;
				GCC_WARN_UNINITIALIZED_AUTOS = YES_AGGRESSIVE;
				GCC_WARN_UNUSED_FUNCTION = YES;
				GCC_WARN_UNUSED_VARIABLE = YES;
				IPHONEOS_DEPLOYMENT_TARGET = 9.3;
				MTL_ENABLE_DEBUG_INFO = NO;
				SDKROOT = iphoneos;
				VALIDATE_PRODUCT = YES;
			};
			name = Release;
		};
		2E2965221CBEC0B400E86838 /* Debug */ = {
			isa = XCBuildConfiguration;
			buildSettings = {
				ASSETCATALOG_COMPILER_APPICON_NAME = AppIcon;
				CODE_SIGN_IDENTITY = "iPhone Developer";
				"CODE_SIGN_IDENTITY[sdk=iphoneos*]" = "iPhone Developer";
				INFOPLIST_FILE = "Space Agency/Info.plist";
				LD_RUNPATH_SEARCH_PATHS = "$(inherited) @executable_path/Frameworks";
				PRODUCT_BUNDLE_IDENTIFIER = "tech.calstephens.Space-Agency";
				PRODUCT_NAME = "$(TARGET_NAME)";
				PROVISIONING_PROFILE = "";
			};
			name = Debug;
		};
		2E2965231CBEC0B400E86838 /* Release */ = {
			isa = XCBuildConfiguration;
			buildSettings = {
				ASSETCATALOG_COMPILER_APPICON_NAME = AppIcon;
				CODE_SIGN_IDENTITY = "iPhone Developer";
				"CODE_SIGN_IDENTITY[sdk=iphoneos*]" = "iPhone Developer";
				INFOPLIST_FILE = "Space Agency/Info.plist";
				LD_RUNPATH_SEARCH_PATHS = "$(inherited) @executable_path/Frameworks";
				PRODUCT_BUNDLE_IDENTIFIER = "tech.calstephens.Space-Agency";
				PRODUCT_NAME = "$(TARGET_NAME)";
				PROVISIONING_PROFILE = "";
			};
			name = Release;
		};
/* End XCBuildConfiguration section */

/* Begin XCConfigurationList section */
		2E29650A1CBEC0B400E86838 /* Build configuration list for PBXProject "Space Agency" */ = {
			isa = XCConfigurationList;
			buildConfigurations = (
				2E29651F1CBEC0B400E86838 /* Debug */,
				2E2965201CBEC0B400E86838 /* Release */,
			);
			defaultConfigurationIsVisible = 0;
			defaultConfigurationName = Release;
		};
		2E2965211CBEC0B400E86838 /* Build configuration list for PBXNativeTarget "Space Agency" */ = {
			isa = XCConfigurationList;
			buildConfigurations = (
				2E2965221CBEC0B400E86838 /* Debug */,
				2E2965231CBEC0B400E86838 /* Release */,
			);
			defaultConfigurationIsVisible = 0;
			defaultConfigurationName = Release;
		};
/* End XCConfigurationList section */
	};
	rootObject = 2E2965071CBEC0B400E86838 /* Project object */;
}
